{
  "name": "app",
  "version": "1.0.0",
  "lockfileVersion": 2,
  "requires": true,
  "packages": {
    "": {
      "name": "app",
      "version": "1.0.0",
      "license": "ISC",
      "dependencies": {
        "@octokit/core": "^3.4.0",
        "dotenv": "^9.0.2"
      }
    },
    "node_modules/@octokit/auth-token": {
      "version": "2.4.5",
      "resolved": "https://registry.npm.taobao.org/@octokit/auth-token/download/@octokit/auth-token-2.4.5.tgz",
      "integrity": "sha1-VozPuMtG82RB+sCUzjT3qHWxl/M=",
      "dependencies": {
        "@octokit/types": "^6.0.3"
      }
    },
    "node_modules/@octokit/core": {
      "version": "3.4.0",
      "resolved": "https://registry.npm.taobao.org/@octokit/core/download/@octokit/core-3.4.0.tgz",
      "integrity": "sha1-tIqifXVbM5/nVQVIs0DcwrUTt0I=",
      "dependencies": {
        "@octokit/auth-token": "^2.4.4",
        "@octokit/graphql": "^4.5.8",
        "@octokit/request": "^5.4.12",
        "@octokit/request-error": "^2.0.5",
        "@octokit/types": "^6.0.3",
        "before-after-hook": "^2.2.0",
        "universal-user-agent": "^6.0.0"
      }
    },
    "node_modules/@octokit/endpoint": {
      "version": "6.0.11",
      "resolved": "https://registry.npm.taobao.org/@octokit/endpoint/download/@octokit/endpoint-6.0.11.tgz",
      "integrity": "sha1-CCrcKuvKbc76H7OD9e+z7QgZSdE=",
      "dependencies": {
        "@octokit/types": "^6.0.3",
        "is-plain-object": "^5.0.0",
        "universal-user-agent": "^6.0.0"
      }
    },
    "node_modules/@octokit/graphql": {
      "version": "4.6.1",
      "resolved": "https://registry.npm.taobao.org/@octokit/graphql/download/@octokit/graphql-4.6.1.tgz",
      "integrity": "sha1-+XVIakbJS32+WKDKdRk17cfjLMk=",
      "dependencies": {
        "@octokit/request": "^5.3.0",
        "@octokit/types": "^6.0.3",
        "universal-user-agent": "^6.0.0"
      }
    },
    "node_modules/@octokit/openapi-types": {
      "version": "7.0.0",
      "resolved": "https://registry.nlark.com/@octokit/openapi-types/download/@octokit/openapi-types-7.0.0.tgz",
      "integrity": "sha1-D2mS25hUrxXsp31xqw7H+tLyBBE="
    },
    "node_modules/@octokit/request": {
      "version": "5.4.15",
      "resolved": "https://registry.npm.taobao.org/@octokit/request/download/@octokit/request-5.4.15.tgz",
      "integrity": "sha1-gp2kE9x906peLNuxx9Dr4fFGoSg=",
      "dependencies": {
        "@octokit/endpoint": "^6.0.1",
        "@octokit/request-error": "^2.0.0",
        "@octokit/types": "^6.7.1",
        "is-plain-object": "^5.0.0",
        "node-fetch": "^2.6.1",
        "universal-user-agent": "^6.0.0"
      }
    },
    "node_modules/@octokit/request-error": {
      "version": "2.0.5",
      "resolved": "https://registry.npm.taobao.org/@octokit/request-error/download/@octokit/request-error-2.0.5.tgz",
      "integrity": "sha1-csyR7chwKBrVg6QmGSVrOAxgAUM=",
      "dependencies": {
        "@octokit/types": "^6.0.3",
        "deprecation": "^2.0.0",
        "once": "^1.4.0"
      }
    },
    "node_modules/@octokit/types": {
      "version": "6.14.2",
      "resolved": "https://registry.nlark.com/@octokit/types/download/@octokit/types-6.14.2.tgz",
      "integrity": "sha1-ZMlFfzj7hSK9u6PIzIFFkKLWG/U=",
      "dependencies": {
        "@octokit/openapi-types": "^7.0.0"
      }
    },
    "node_modules/before-after-hook": {
      "version": "2.2.1",
      "resolved": "https://registry.npm.taobao.org/before-after-hook/download/before-after-hook-2.2.1.tgz",
      "integrity": "sha1-c1QFY1WGh1hrUu0hfa1qgCqxVJw="
    },
    "node_modules/deprecation": {
      "version": "2.3.1",
      "resolved": "https://registry.npm.taobao.org/deprecation/download/deprecation-2.3.1.tgz",
      "integrity": "sha1-Y2jL20Cr8zc7UlrIfkomDDpwCRk="
    },
    "node_modules/dotenv": {
      "version": "9.0.2",
      "resolved": "https://registry.nlark.com/dotenv/download/dotenv-9.0.2.tgz?cache=0&sync_timestamp=1620671927663&other_urls=https%3A%2F%2Fregistry.nlark.com%2Fdotenv%2Fdownload%2Fdotenv-9.0.2.tgz",
      "integrity": "sha1-2swgFgk1o33qY2SqG++Bn7m2qwU=",
      "engines": {
        "node": ">=10"
      }
    },
    "node_modules/is-plain-object": {
      "version": "5.0.0",
      "resolved": "https://registry.npm.taobao.org/is-plain-object/download/is-plain-object-5.0.0.tgz",
      "integrity": "sha1-RCf1CrNCnpAl6n1S6QQ6nvQVk0Q=",
      "engines": {
        "node": ">=0.10.0"
      }
    },
    "node_modules/node-fetch": {
      "version": "2.6.1",
      "resolved": "https://registry.npm.taobao.org/node-fetch/download/node-fetch-2.6.1.tgz?cache=0&other_urls=https%3A%2F%2Fregistry.npm.taobao.org%2Fnode-fetch%2Fdownload%2Fnode-fetch-2.6.1.tgz",
      "integrity": "sha1-BFvTI2Mfdu0uK1VXM5RBa2OaAFI=",
      "engines": {
        "node": "4.x || >=6.0.0"
      }
    },
    "node_modules/once": {
      "version": "1.4.0",
      "resolved": "https://registry.npm.taobao.org/once/download/once-1.4.0.tgz",
      "integrity": "sha1-WDsap3WWHUsROsF9nFC6753Xa9E=",
      "dependencies": {
        "wrappy": "1"
      }
    },
    "node_modules/universal-user-agent": {
      "version": "6.0.0",
      "resolved": "https://registry.npm.taobao.org/universal-user-agent/download/universal-user-agent-6.0.0.tgz",
      "integrity": "sha1-M4H4UDslHA2c0hvB3pOeyd9UgO4="
    },
    "node_modules/wrappy": {
      "version": "1.0.2",
      "resolved": "https://registry.nlark.com/wrappy/download/wrappy-1.0.2.tgz",
      "integrity": "sha1-tSQ9jz7BqjXxNkYFvA0QNuMKtp8="
    }
  },
  "dependencies": {
    "@octokit/auth-token": {
      "version": "2.4.5",
      "resolved": "https://registry.npm.taobao.org/@octokit/auth-token/download/@octokit/auth-token-2.4.5.tgz",
      "integrity": "sha1-VozPuMtG82RB+sCUzjT3qHWxl/M=",
      "requires": {
        "@octokit/types": "^6.0.3"
      }
    },
    "@octokit/core": {
      "version": "3.4.0",
      "resolved": "https://registry.npm.taobao.org/@octokit/core/download/@octokit/core-3.4.0.tgz",
      "integrity": "sha1-tIqifXVbM5/nVQVIs0DcwrUTt0I=",
      "requires": {
        "@octokit/auth-token": "^2.4.4",
        "@octokit/graphql": "^4.5.8",
        "@octokit/request": "^5.4.12",
        "@octokit/request-error": "^2.0.5",
        "@octokit/types": "^6.0.3",
        "before-after-hook": "^2.2.0",
        "universal-user-agent": "^6.0.0"
      }
    },
    "@octokit/endpoint": {
      "version": "6.0.11",
      "resolved": "https://registry.npm.taobao.org/@octokit/endpoint/download/@octokit/endpoint-6.0.11.tgz",
      "integrity": "sha1-CCrcKuvKbc76H7OD9e+z7QgZSdE=",
      "requires": {
        "@octokit/types": "^6.0.3",
        "is-plain-object": "^5.0.0",
        "universal-user-agent": "^6.0.0"
      }
    },
    "@octokit/graphql": {
      "version": "4.6.1",
      "resolved": "https://registry.npm.taobao.org/@octokit/graphql/download/@octokit/graphql-4.6.1.tgz",
      "integrity": "sha1-+XVIakbJS32+WKDKdRk17cfjLMk=",
      "requires": {
        "@octokit/request": "^5.3.0",
        "@octokit/types": "^6.0.3",
        "universal-user-agent": "^6.0.0"
      }
    },
    "@octokit/openapi-types": {
      "version": "7.0.0",
      "resolved": "https://registry.nlark.com/@octokit/openapi-types/download/@octokit/openapi-types-7.0.0.tgz",
      "integrity": "sha1-D2mS25hUrxXsp31xqw7H+tLyBBE="
    },
    "@octokit/request": {
      "version": "5.4.15",
      "resolved": "https://registry.npm.taobao.org/@octokit/request/download/@octokit/request-5.4.15.tgz",
      "integrity": "sha1-gp2kE9x906peLNuxx9Dr4fFGoSg=",
      "requires": {
        "@octokit/endpoint": "^6.0.1",
        "@octokit/request-error": "^2.0.0",
        "@octokit/types": "^6.7.1",
        "is-plain-object": "^5.0.0",
        "node-fetch": "^2.6.1",
        "universal-user-agent": "^6.0.0"
      }
    },
    "@octokit/request-error": {
      "version": "2.0.5",
      "resolved": "https://registry.npm.taobao.org/@octokit/request-error/download/@octokit/request-error-2.0.5.tgz",
      "integrity": "sha1-csyR7chwKBrVg6QmGSVrOAxgAUM=",
      "requires": {
        "@octokit/types": "^6.0.3",
        "deprecation": "^2.0.0",
        "once": "^1.4.0"
      }
    },
    "@octokit/types": {
      "version": "6.14.2",
      "resolved": "https://registry.nlark.com/@octokit/types/download/@octokit/types-6.14.2.tgz",
      "integrity": "sha1-ZMlFfzj7hSK9u6PIzIFFkKLWG/U=",
      "requires": {
        "@octokit/openapi-types": "^7.0.0"
      }
    },
    "before-after-hook": {
      "version": "2.2.1",
      "resolved": "https://registry.npm.taobao.org/before-after-hook/download/before-after-hook-2.2.1.tgz",
      "integrity": "sha1-c1QFY1WGh1hrUu0hfa1qgCqxVJw="
    },
    "deprecation": {
      "version": "2.3.1",
      "resolved": "https://registry.npm.taobao.org/deprecation/download/deprecation-2.3.1.tgz",
      "integrity": "sha1-Y2jL20Cr8zc7UlrIfkomDDpwCRk="
    },
    "dotenv": {
      "version": "9.0.2",
      "resolved": "https://registry.nlark.com/dotenv/download/dotenv-9.0.2.tgz?cache=0&sync_timestamp=1620671927663&other_urls=https%3A%2F%2Fregistry.nlark.com%2Fdotenv%2Fdownload%2Fdotenv-9.0.2.tgz",
      "integrity": "sha1-2swgFgk1o33qY2SqG++Bn7m2qwU="
    },
    "is-plain-object": {
      "version": "5.0.0",
      "resolved": "https://registry.npm.taobao.org/is-plain-object/download/is-plain-object-5.0.0.tgz",
      "integrity": "sha1-RCf1CrNCnpAl6n1S6QQ6nvQVk0Q="
    },
    "node-fetch": {
      "version": "2.6.1",
      "resolved": "https://registry.npm.taobao.org/node-fetch/download/node-fetch-2.6.1.tgz?cache=0&other_urls=https%3A%2F%2Fregistry.npm.taobao.org%2Fnode-fetch%2Fdownload%2Fnode-fetch-2.6.1.tgz",
      "integrity": "sha1-BFvTI2Mfdu0uK1VXM5RBa2OaAFI="
    },
    "once": {
      "version": "1.4.0",
      "resolved": "https://registry.npm.taobao.org/once/download/once-1.4.0.tgz",
      "integrity": "sha1-WDsap3WWHUsROsF9nFC6753Xa9E=",
      "requires": {
        "wrappy": "1"
      }
    },
    "universal-user-agent": {
      "version": "6.0.0",
      "resolved": "https://registry.npm.taobao.org/universal-user-agent/download/universal-user-agent-6.0.0.tgz",
      "integrity": "sha1-M4H4UDslHA2c0hvB3pOeyd9UgO4="
    },
    "wrappy": {
      "version": "1.0.2",
      "resolved": "https://registry.nlark.com/wrappy/download/wrappy-1.0.2.tgz",
      "integrity": "sha1-tSQ9jz7BqjXxNkYFvA0QNuMKtp8="
    }
  }
}
